// !$*UTF8*$!
{
	archiveVersion = 1;
	classes = {
	};
	objectVersion = 46;
	objects = {

/* Begin PBXBuildFile section */
		8EC4854C4D0A9071A38373EF /* Pods__procrastinate.framework in Frameworks */ = {isa = PBXBuildFile; fileRef = 80DD7C399B8983E2BD27EE7F /* Pods__procrastinate.framework */; };
		FA0886E31C5BF59100683A0D /* Main.storyboard in Resources */ = {isa = PBXBuildFile; fileRef = FA0886E21C5BF59100683A0D /* Main.storyboard */; };
		FA0F85411CAD7CA60036B048 /* Onboarding.storyboard in Resources */ = {isa = PBXBuildFile; fileRef = FA0F85401CAD7CA60036B048 /* Onboarding.storyboard */; };
		FA0F85431CAD7E6D0036B048 /* OnboardingViewController.swift in Sources */ = {isa = PBXBuildFile; fileRef = FA0F85421CAD7E6D0036B048 /* OnboardingViewController.swift */; };
		FA15C28F1C40864500333D3E /* AppDelegate.swift in Sources */ = {isa = PBXBuildFile; fileRef = FA15C28E1C40864500333D3E /* AppDelegate.swift */; };
		FA15C2911C40864500333D3E /* ViewController.swift in Sources */ = {isa = PBXBuildFile; fileRef = FA15C2901C40864500333D3E /* ViewController.swift */; };
		FA15C2961C40864500333D3E /* Assets.xcassets in Resources */ = {isa = PBXBuildFile; fileRef = FA15C2951C40864500333D3E /* Assets.xcassets */; };
		FA15C2991C40864500333D3E /* LaunchScreen.storyboard in Resources */ = {isa = PBXBuildFile; fileRef = FA15C2971C40864500333D3E /* LaunchScreen.storyboard */; };
		FA1E85E91CCB77EA00001E5E /* Task+CoreDataProperties.swift in Sources */ = {isa = PBXBuildFile; fileRef = FA1E85E71CCB77EA00001E5E /* Task+CoreDataProperties.swift */; };
		FA1E85EB1CCB77EA00001E5E /* Task.swift in Sources */ = {isa = PBXBuildFile; fileRef = FA1E85E81CCB77EA00001E5E /* Task.swift */; };
		FA1E85EF1CCB790200001E5E /* TaskHandler.swift in Sources */ = {isa = PBXBuildFile; fileRef = FA1E85EE1CCB790200001E5E /* TaskHandler.swift */; };
		FA1F03FC1C449E1300593F01 /* CloudKit.framework in Frameworks */ = {isa = PBXBuildFile; fileRef = FA1F03FB1C449E1300593F01 /* CloudKit.framework */; };
		FA25ACC71CC8031D0059D767 /* OnboardingPageViewController.swift in Sources */ = {isa = PBXBuildFile; fileRef = FA25ACC61CC8031D0059D767 /* OnboardingPageViewController.swift */; };
		FA3D63BB1C5A4FF600743CB7 /* PlaceholderCell.swift in Sources */ = {isa = PBXBuildFile; fileRef = FA3D63BA1C5A4FF600743CB7 /* PlaceholderCell.swift */; };
		FAAD6F4D1C50509D005F552C /* NotificationCenter.framework in Frameworks */ = {isa = PBXBuildFile; fileRef = FAAD6F4C1C50509D005F552C /* NotificationCenter.framework */; };
		FAAD6F501C50509D005F552C /* TodayViewController.swift in Sources */ = {isa = PBXBuildFile; fileRef = FAAD6F4F1C50509D005F552C /* TodayViewController.swift */; };
		FAAD6F531C50509D005F552C /* MainInterface.storyboard in Resources */ = {isa = PBXBuildFile; fileRef = FAAD6F511C50509D005F552C /* MainInterface.storyboard */; };
		FAAD6F571C50509D005F552C /* !procrastinate Today Extension.appex in Embed App Extensions */ = {isa = PBXBuildFile; fileRef = FAAD6F4A1C50509D005F552C /* !procrastinate Today Extension.appex */; settings = {ATTRIBUTES = (RemoveHeadersOnCopy, ); }; };
		FACDCAB41CA994AA002AAE4D /* SlideView.xib in Resources */ = {isa = PBXBuildFile; fileRef = FACDCAB31CA994AA002AAE4D /* SlideView.xib */; };
		FACDCAB81CA995BB002AAE4D /* SlideView.swift in Sources */ = {isa = PBXBuildFile; fileRef = FACDCAB71CA995BB002AAE4D /* SlideView.swift */; };
		FACDCAD81CAB1E8E002AAE4D /* SharedCode.swift in Sources */ = {isa = PBXBuildFile; fileRef = FACDCAD71CAB1E8E002AAE4D /* SharedCode.swift */; };
		FACF0EF31CDB82550087C19C /* DataModel.xcdatamodeld in Sources */ = {isa = PBXBuildFile; fileRef = FACF0EF11CDB82550087C19C /* DataModel.xcdatamodeld */; };
		FACF0EF41CDB82550087C19C /* DataModel.xcdatamodeld in Sources */ = {isa = PBXBuildFile; fileRef = FACF0EF11CDB82550087C19C /* DataModel.xcdatamodeld */; };
		FACF0EF71CDB83B20087C19C /* CKHandler.swift in Sources */ = {isa = PBXBuildFile; fileRef = FACF0EF61CDB83B20087C19C /* CKHandler.swift */; };
		FACF0EFC1CDBF7D50087C19C /* Reachability.swift in Sources */ = {isa = PBXBuildFile; fileRef = FACF0EFB1CDBF7D50087C19C /* Reachability.swift */; };
		FACF0F061CDCDB6D0087C19C /* CloudKit.framework in Frameworks */ = {isa = PBXBuildFile; fileRef = FA1F03FB1C449E1300593F01 /* CloudKit.framework */; };
		FAF26B8A1C414879006487AE /* TaskCell.swift in Sources */ = {isa = PBXBuildFile; fileRef = FAF26B891C414879006487AE /* TaskCell.swift */; };
/* End PBXBuildFile section */

/* Begin PBXCopyFilesBuildPhase section */
		FAAD6F5B1C50509D005F552C /* Embed App Extensions */ = {
			isa = PBXCopyFilesBuildPhase;
			buildActionMask = 2147483647;
			dstPath = "";
			dstSubfolderSpec = 13;
			files = (
				FAAD6F571C50509D005F552C /* !procrastinate Today Extension.appex in Embed App Extensions */,
			);
			name = "Embed App Extensions";
			runOnlyForDeploymentPostprocessing = 0;
		};
/* End PBXCopyFilesBuildPhase section */

/* Begin PBXFileReference section */
		23884D4DC5342E3D6D68A643 /* Pods-!procrastinate.release.xcconfig */ = {isa = PBXFileReference; includeInIndex = 1; lastKnownFileType = text.xcconfig; name = "Pods-!procrastinate.release.xcconfig"; path = "Pods/Target Support Files/Pods-!procrastinate/Pods-!procrastinate.release.xcconfig"; sourceTree = "<group>"; };
		6A696D1934EDDFCD7A36242E /* Pods-!procrastinate.debug.xcconfig */ = {isa = PBXFileReference; includeInIndex = 1; lastKnownFileType = text.xcconfig; name = "Pods-!procrastinate.debug.xcconfig"; path = "Pods/Target Support Files/Pods-!procrastinate/Pods-!procrastinate.debug.xcconfig"; sourceTree = "<group>"; };
		80DD7C399B8983E2BD27EE7F /* Pods__procrastinate.framework */ = {isa = PBXFileReference; explicitFileType = wrapper.framework; includeInIndex = 0; path = Pods__procrastinate.framework; sourceTree = BUILT_PRODUCTS_DIR; };
		FA0886E21C5BF59100683A0D /* Main.storyboard */ = {isa = PBXFileReference; fileEncoding = 4; lastKnownFileType = file.storyboard; path = Main.storyboard; sourceTree = "<group>"; };
		FA0F85401CAD7CA60036B048 /* Onboarding.storyboard */ = {isa = PBXFileReference; fileEncoding = 4; lastKnownFileType = file.storyboard; path = Onboarding.storyboard; sourceTree = "<group>"; };
		FA0F85421CAD7E6D0036B048 /* OnboardingViewController.swift */ = {isa = PBXFileReference; fileEncoding = 4; lastKnownFileType = sourcecode.swift; path = OnboardingViewController.swift; sourceTree = "<group>"; };
		FA15C28B1C40864500333D3E /* !procrastinate.app */ = {isa = PBXFileReference; explicitFileType = wrapper.application; includeInIndex = 0; path = "!procrastinate.app"; sourceTree = BUILT_PRODUCTS_DIR; };
		FA15C28E1C40864500333D3E /* AppDelegate.swift */ = {isa = PBXFileReference; lastKnownFileType = sourcecode.swift; path = AppDelegate.swift; sourceTree = "<group>"; };
		FA15C2901C40864500333D3E /* ViewController.swift */ = {isa = PBXFileReference; lastKnownFileType = sourcecode.swift; path = ViewController.swift; sourceTree = "<group>"; };
		FA15C2951C40864500333D3E /* Assets.xcassets */ = {isa = PBXFileReference; lastKnownFileType = folder.assetcatalog; path = Assets.xcassets; sourceTree = "<group>"; };
		FA15C2981C40864500333D3E /* Base */ = {isa = PBXFileReference; lastKnownFileType = file.storyboard; name = Base; path = Base.lproj/LaunchScreen.storyboard; sourceTree = "<group>"; };
		FA15C29A1C40864500333D3E /* Info.plist */ = {isa = PBXFileReference; lastKnownFileType = text.plist.xml; path = Info.plist; sourceTree = "<group>"; };
		FA1E85E71CCB77EA00001E5E /* Task+CoreDataProperties.swift */ = {isa = PBXFileReference; fileEncoding = 4; lastKnownFileType = sourcecode.swift; path = "Task+CoreDataProperties.swift"; sourceTree = "<group>"; };
		FA1E85E81CCB77EA00001E5E /* Task.swift */ = {isa = PBXFileReference; fileEncoding = 4; lastKnownFileType = sourcecode.swift; path = Task.swift; sourceTree = "<group>"; };
		FA1E85EE1CCB790200001E5E /* TaskHandler.swift */ = {isa = PBXFileReference; fileEncoding = 4; lastKnownFileType = sourcecode.swift; path = TaskHandler.swift; sourceTree = "<group>"; };
		FA1F03FA1C449E0A00593F01 /* !procrastinate.entitlements */ = {isa = PBXFileReference; lastKnownFileType = text.xml; path = "!procrastinate.entitlements"; sourceTree = "<group>"; };
		FA1F03FB1C449E1300593F01 /* CloudKit.framework */ = {isa = PBXFileReference; lastKnownFileType = wrapper.framework; name = CloudKit.framework; path = System/Library/Frameworks/CloudKit.framework; sourceTree = SDKROOT; };
		FA25ACC61CC8031D0059D767 /* OnboardingPageViewController.swift */ = {isa = PBXFileReference; fileEncoding = 4; lastKnownFileType = sourcecode.swift; path = OnboardingPageViewController.swift; sourceTree = "<group>"; };
		FA3D63BA1C5A4FF600743CB7 /* PlaceholderCell.swift */ = {isa = PBXFileReference; fileEncoding = 4; lastKnownFileType = sourcecode.swift; path = PlaceholderCell.swift; sourceTree = "<group>"; };
		FAAD6F4A1C50509D005F552C /* !procrastinate Today Extension.appex */ = {isa = PBXFileReference; explicitFileType = "wrapper.app-extension"; includeInIndex = 0; path = "!procrastinate Today Extension.appex"; sourceTree = BUILT_PRODUCTS_DIR; };
		FAAD6F4C1C50509D005F552C /* NotificationCenter.framework */ = {isa = PBXFileReference; lastKnownFileType = wrapper.framework; name = NotificationCenter.framework; path = System/Library/Frameworks/NotificationCenter.framework; sourceTree = SDKROOT; };
		FAAD6F4F1C50509D005F552C /* TodayViewController.swift */ = {isa = PBXFileReference; lastKnownFileType = sourcecode.swift; path = TodayViewController.swift; sourceTree = "<group>"; };
		FAAD6F521C50509D005F552C /* Base */ = {isa = PBXFileReference; lastKnownFileType = file.storyboard; name = Base; path = Base.lproj/MainInterface.storyboard; sourceTree = "<group>"; };
		FAAD6F541C50509D005F552C /* Info.plist */ = {isa = PBXFileReference; lastKnownFileType = text.plist.xml; path = Info.plist; sourceTree = "<group>"; };
		FACDCAB31CA994AA002AAE4D /* SlideView.xib */ = {isa = PBXFileReference; fileEncoding = 4; lastKnownFileType = file.xib; path = SlideView.xib; sourceTree = "<group>"; };
		FACDCAB71CA995BB002AAE4D /* SlideView.swift */ = {isa = PBXFileReference; fileEncoding = 4; lastKnownFileType = sourcecode.swift; path = SlideView.swift; sourceTree = "<group>"; };
		FACDCAD71CAB1E8E002AAE4D /* SharedCode.swift */ = {isa = PBXFileReference; fileEncoding = 4; lastKnownFileType = sourcecode.swift; path = SharedCode.swift; sourceTree = "<group>"; };
		FACF0EF21CDB82550087C19C /* DataModel.xcdatamodel */ = {isa = PBXFileReference; lastKnownFileType = wrapper.xcdatamodel; path = DataModel.xcdatamodel; sourceTree = "<group>"; };
		FACF0EF51CDB828A0087C19C /* DataModel 2.xcdatamodel */ = {isa = PBXFileReference; lastKnownFileType = wrapper.xcdatamodel; path = "DataModel 2.xcdatamodel"; sourceTree = "<group>"; };
		FACF0EF61CDB83B20087C19C /* CKHandler.swift */ = {isa = PBXFileReference; fileEncoding = 4; lastKnownFileType = sourcecode.swift; name = CKHandler.swift; path = CloudKit/CKHandler.swift; sourceTree = "<group>"; };
		FACF0EFA1CDB848B0087C19C /* DataModel 3.xcdatamodel */ = {isa = PBXFileReference; lastKnownFileType = wrapper.xcdatamodel; path = "DataModel 3.xcdatamodel"; sourceTree = "<group>"; };
		FACF0EFB1CDBF7D50087C19C /* Reachability.swift */ = {isa = PBXFileReference; fileEncoding = 4; lastKnownFileType = sourcecode.swift; path = Reachability.swift; sourceTree = "<group>"; };
		FACF0F051CDCDB680087C19C /* !procrastinate Today Extension.entitlements */ = {isa = PBXFileReference; lastKnownFileType = text.xml; path = "!procrastinate Today Extension.entitlements"; sourceTree = "<group>"; };
		FAF26B891C414879006487AE /* TaskCell.swift */ = {isa = PBXFileReference; fileEncoding = 4; lastKnownFileType = sourcecode.swift; path = TaskCell.swift; sourceTree = "<group>"; };
/* End PBXFileReference section */

/* Begin PBXFrameworksBuildPhase section */
		FA15C2881C40864500333D3E /* Frameworks */ = {
			isa = PBXFrameworksBuildPhase;
			buildActionMask = 2147483647;
			files = (
				FA1F03FC1C449E1300593F01 /* CloudKit.framework in Frameworks */,
				8EC4854C4D0A9071A38373EF /* Pods__procrastinate.framework in Frameworks */,
			);
			runOnlyForDeploymentPostprocessing = 0;
		};
		FAAD6F471C50509D005F552C /* Frameworks */ = {
			isa = PBXFrameworksBuildPhase;
			buildActionMask = 2147483647;
			files = (
				FAAD6F4D1C50509D005F552C /* NotificationCenter.framework in Frameworks */,
				FACF0F061CDCDB6D0087C19C /* CloudKit.framework in Frameworks */,
			);
			runOnlyForDeploymentPostprocessing = 0;
		};
/* End PBXFrameworksBuildPhase section */

/* Begin PBXGroup section */
		8CDB621D31EC97470CF8C4FF /* Pods */ = {
			isa = PBXGroup;
			children = (
				6A696D1934EDDFCD7A36242E /* Pods-!procrastinate.debug.xcconfig */,
				23884D4DC5342E3D6D68A643 /* Pods-!procrastinate.release.xcconfig */,
			);
			name = Pods;
			sourceTree = "<group>";
		};
		FA0886E41C5BF5B300683A0D /* Data Models */ = {
			isa = PBXGroup;
			children = (
				FA1E85E71CCB77EA00001E5E /* Task+CoreDataProperties.swift */,
				FA1E85E81CCB77EA00001E5E /* Task.swift */,
			);
			name = "Data Models";
			sourceTree = "<group>";
		};
		FA0886E61C5BF5D600683A0D /* Infrastructure */ = {
			isa = PBXGroup;
			children = (
				FA15C28E1C40864500333D3E /* AppDelegate.swift */,
				FACDCAD71CAB1E8E002AAE4D /* SharedCode.swift */,
				FACF0EFB1CDBF7D50087C19C /* Reachability.swift */,
				FA15C29A1C40864500333D3E /* Info.plist */,
				FA15C2951C40864500333D3E /* Assets.xcassets */,
				FA1F03FA1C449E0A00593F01 /* !procrastinate.entitlements */,
			);
			name = Infrastructure;
			sourceTree = "<group>";
		};
		FA0F853F1CAD7C830036B048 /* Onboarding */ = {
			isa = PBXGroup;
			children = (
				FA0F85401CAD7CA60036B048 /* Onboarding.storyboard */,
				FA25ACC61CC8031D0059D767 /* OnboardingPageViewController.swift */,
				FA0F85421CAD7E6D0036B048 /* OnboardingViewController.swift */,
			);
			name = Onboarding;
			sourceTree = "<group>";
		};
		FA15C2821C40864500333D3E = {
			isa = PBXGroup;
			children = (
				FA1F03FB1C449E1300593F01 /* CloudKit.framework */,
				FA15C28D1C40864500333D3E /* !procrastinate */,
				FAAD6F4E1C50509D005F552C /* !procrastinate Today Extension */,
				FAAD6F4B1C50509D005F552C /* Frameworks */,
				FA15C28C1C40864500333D3E /* Products */,
				8CDB621D31EC97470CF8C4FF /* Pods */,
			);
			sourceTree = "<group>";
		};
		FA15C28C1C40864500333D3E /* Products */ = {
			isa = PBXGroup;
			children = (
				FA15C28B1C40864500333D3E /* !procrastinate.app */,
				FAAD6F4A1C50509D005F552C /* !procrastinate Today Extension.appex */,
			);
			name = Products;
			sourceTree = "<group>";
		};
		FA15C28D1C40864500333D3E /* !procrastinate */ = {
			isa = PBXGroup;
			children = (
				FA3D63BC1C5A4FFE00743CB7 /* ViewController */,
				FA0F853F1CAD7C830036B048 /* Onboarding */,
				FADD5CD11CC478F200B4C2EB /* Launch Screen */,
				FA0886E41C5BF5B300683A0D /* Data Models */,
				FA1E85ED1CCB78C800001E5E /* Core Data */,
				FACF0EF91CDB83C70087C19C /* CloudKit */,
				FA0886E61C5BF5D600683A0D /* Infrastructure */,
			);
			path = "!procrastinate";
			sourceTree = "<group>";
		};
		FA1E85ED1CCB78C800001E5E /* Core Data */ = {
			isa = PBXGroup;
			children = (
				FA1E85EE1CCB790200001E5E /* TaskHandler.swift */,
				FACF0EF11CDB82550087C19C /* DataModel.xcdatamodeld */,
			);
			name = "Core Data";
			sourceTree = "<group>";
		};
		FA3D63BC1C5A4FFE00743CB7 /* ViewController */ = {
			isa = PBXGroup;
			children = (
				FA15C2901C40864500333D3E /* ViewController.swift */,
				FA0886E21C5BF59100683A0D /* Main.storyboard */,
				FA3D63BA1C5A4FF600743CB7 /* PlaceholderCell.swift */,
				FADD5CD01CC478DF00B4C2EB /* TaskCell */,
			);
			name = ViewController;
			sourceTree = "<group>";
		};
		FAAD6F4B1C50509D005F552C /* Frameworks */ = {
			isa = PBXGroup;
			children = (
				FAAD6F4C1C50509D005F552C /* NotificationCenter.framework */,
				80DD7C399B8983E2BD27EE7F /* Pods__procrastinate.framework */,
			);
			name = Frameworks;
			sourceTree = "<group>";
		};
		FAAD6F4E1C50509D005F552C /* !procrastinate Today Extension */ = {
			isa = PBXGroup;
			children = (
				FACF0F051CDCDB680087C19C /* !procrastinate Today Extension.entitlements */,
				FAAD6F4F1C50509D005F552C /* TodayViewController.swift */,
				FAAD6F511C50509D005F552C /* MainInterface.storyboard */,
				FAAD6F541C50509D005F552C /* Info.plist */,
			);
			path = "!procrastinate Today Extension";
			sourceTree = "<group>";
		};
		FACF0EF91CDB83C70087C19C /* CloudKit */ = {
			isa = PBXGroup;
			children = (
				FACF0EF61CDB83B20087C19C /* CKHandler.swift */,
			);
			name = CloudKit;
			sourceTree = "<group>";
		};
		FADD5CD01CC478DF00B4C2EB /* TaskCell */ = {
			isa = PBXGroup;
			children = (
				FAF26B891C414879006487AE /* TaskCell.swift */,
				FACDCAB31CA994AA002AAE4D /* SlideView.xib */,
				FACDCAB71CA995BB002AAE4D /* SlideView.swift */,
			);
			name = TaskCell;
			sourceTree = "<group>";
		};
		FADD5CD11CC478F200B4C2EB /* Launch Screen */ = {
			isa = PBXGroup;
			children = (
				FA15C2971C40864500333D3E /* LaunchScreen.storyboard */,
			);
			name = "Launch Screen";
			sourceTree = "<group>";
		};
/* End PBXGroup section */

/* Begin PBXNativeTarget section */
		FA15C28A1C40864500333D3E /* !procrastinate */ = {
			isa = PBXNativeTarget;
			buildConfigurationList = FA15C29D1C40864500333D3E /* Build configuration list for PBXNativeTarget "!procrastinate" */;
			buildPhases = (
				E9750DDF3198F36C6A6AEA12 /* Check Pods Manifest.lock */,
				FA15C2871C40864500333D3E /* Sources */,
				FA15C2881C40864500333D3E /* Frameworks */,
				FA15C2891C40864500333D3E /* Resources */,
				FAAD6F5B1C50509D005F552C /* Embed App Extensions */,
				883F2C26841E562AA96534F4 /* Embed Pods Frameworks */,
				17B661EBB748A3507AF2303B /* Copy Pods Resources */,
			);
			buildRules = (
			);
			dependencies = (
			);
			name = "!procrastinate";
			productName = "!procrastinate";
			productReference = FA15C28B1C40864500333D3E /* !procrastinate.app */;
			productType = "com.apple.product-type.application";
		};
		FAAD6F491C50509D005F552C /* !procrastinate Today Extension */ = {
			isa = PBXNativeTarget;
			buildConfigurationList = FAAD6F5A1C50509D005F552C /* Build configuration list for PBXNativeTarget "!procrastinate Today Extension" */;
			buildPhases = (
				FAAD6F461C50509D005F552C /* Sources */,
				FAAD6F471C50509D005F552C /* Frameworks */,
				FAAD6F481C50509D005F552C /* Resources */,
			);
			buildRules = (
			);
			dependencies = (
			);
			name = "!procrastinate Today Extension";
			productName = "!procrastinate Today Extension";
			productReference = FAAD6F4A1C50509D005F552C /* !procrastinate Today Extension.appex */;
			productType = "com.apple.product-type.app-extension";
		};
/* End PBXNativeTarget section */

/* Begin PBXProject section */
		FA15C2831C40864500333D3E /* Project object */ = {
			isa = PBXProject;
			attributes = {
				LastSwiftUpdateCheck = 0720;
				LastUpgradeCheck = 0720;
				ORGANIZATIONNAME = "Zel Marko";
				TargetAttributes = {
					FA15C28A1C40864500333D3E = {
						CreatedOnToolsVersion = 7.2;
						DevelopmentTeam = 96HG6E2WJ6;
						SystemCapabilities = {
							com.apple.iCloud = {
								enabled = 1;
							};
						};
					};
					FAAD6F491C50509D005F552C = {
						CreatedOnToolsVersion = 7.2;
						DevelopmentTeam = 96HG6E2WJ6;
						SystemCapabilities = {
							com.apple.iCloud = {
								enabled = 1;
							};
						};
					};
				};
			};
			buildConfigurationList = FA15C2861C40864500333D3E /* Build configuration list for PBXProject "!procrastinate" */;
			compatibilityVersion = "Xcode 3.2";
			developmentRegion = English;
			hasScannedForEncodings = 0;
			knownRegions = (
				en,
				Base,
			);
			mainGroup = FA15C2821C40864500333D3E;
			productRefGroup = FA15C28C1C40864500333D3E /* Products */;
			projectDirPath = "";
			projectRoot = "";
			targets = (
				FA15C28A1C40864500333D3E /* !procrastinate */,
				FAAD6F491C50509D005F552C /* !procrastinate Today Extension */,
			);
		};
/* End PBXProject section */

/* Begin PBXResourcesBuildPhase section */
		FA15C2891C40864500333D3E /* Resources */ = {
			isa = PBXResourcesBuildPhase;
			buildActionMask = 2147483647;
			files = (
				FA15C2991C40864500333D3E /* LaunchScreen.storyboard in Resources */,
				FA0F85411CAD7CA60036B048 /* Onboarding.storyboard in Resources */,
				FA15C2961C40864500333D3E /* Assets.xcassets in Resources */,
				FACDCAB41CA994AA002AAE4D /* SlideView.xib in Resources */,
				FA0886E31C5BF59100683A0D /* Main.storyboard in Resources */,
			);
			runOnlyForDeploymentPostprocessing = 0;
		};
		FAAD6F481C50509D005F552C /* Resources */ = {
			isa = PBXResourcesBuildPhase;
			buildActionMask = 2147483647;
			files = (
				FAAD6F531C50509D005F552C /* MainInterface.storyboard in Resources */,
			);
			runOnlyForDeploymentPostprocessing = 0;
		};
/* End PBXResourcesBuildPhase section */

/* Begin PBXShellScriptBuildPhase section */
		17B661EBB748A3507AF2303B /* Copy Pods Resources */ = {
			isa = PBXShellScriptBuildPhase;
			buildActionMask = 2147483647;
			files = (
			);
			inputPaths = (
			);
			name = "Copy Pods Resources";
			outputPaths = (
			);
			runOnlyForDeploymentPostprocessing = 0;
			shellPath = /bin/sh;
			shellScript = "\"${SRCROOT}/Pods/Target Support Files/Pods-!procrastinate/Pods-!procrastinate-resources.sh\"\n";
			showEnvVarsInLog = 0;
		};
		883F2C26841E562AA96534F4 /* Embed Pods Frameworks */ = {
			isa = PBXShellScriptBuildPhase;
			buildActionMask = 2147483647;
			files = (
			);
			inputPaths = (
			);
			name = "Embed Pods Frameworks";
			outputPaths = (
			);
			runOnlyForDeploymentPostprocessing = 0;
			shellPath = /bin/sh;
			shellScript = "\"${SRCROOT}/Pods/Target Support Files/Pods-!procrastinate/Pods-!procrastinate-frameworks.sh\"\n";
			showEnvVarsInLog = 0;
		};
		E9750DDF3198F36C6A6AEA12 /* Check Pods Manifest.lock */ = {
			isa = PBXShellScriptBuildPhase;
			buildActionMask = 2147483647;
			files = (
			);
			inputPaths = (
			);
			name = "Check Pods Manifest.lock";
			outputPaths = (
			);
			runOnlyForDeploymentPostprocessing = 0;
			shellPath = /bin/sh;
			shellScript = "diff \"${PODS_ROOT}/../Podfile.lock\" \"${PODS_ROOT}/Manifest.lock\" > /dev/null\nif [[ $? != 0 ]] ; then\n    cat << EOM\nerror: The sandbox is not in sync with the Podfile.lock. Run 'pod install' or update your CocoaPods installation.\nEOM\n    exit 1\nfi\n";
			showEnvVarsInLog = 0;
		};
/* End PBXShellScriptBuildPhase section */

/* Begin PBXSourcesBuildPhase section */
		FA15C2871C40864500333D3E /* Sources */ = {
			isa = PBXSourcesBuildPhase;
			buildActionMask = 2147483647;
			files = (
				FACF0EFC1CDBF7D50087C19C /* Reachability.swift in Sources */,
				FACDCAB81CA995BB002AAE4D /* SlideView.swift in Sources */,
				FA1E85EF1CCB790200001E5E /* TaskHandler.swift in Sources */,
				FA15C2911C40864500333D3E /* ViewController.swift in Sources */,
				FAF26B8A1C414879006487AE /* TaskCell.swift in Sources */,
				FA1E85EB1CCB77EA00001E5E /* Task.swift in Sources */,
				FA15C28F1C40864500333D3E /* AppDelegate.swift in Sources */,
				FACDCAD81CAB1E8E002AAE4D /* SharedCode.swift in Sources */,
				FA0F85431CAD7E6D0036B048 /* OnboardingViewController.swift in Sources */,
				FA25ACC71CC8031D0059D767 /* OnboardingPageViewController.swift in Sources */,
				FACF0EF31CDB82550087C19C /* DataModel.xcdatamodeld in Sources */,
				FA1E85E91CCB77EA00001E5E /* Task+CoreDataProperties.swift in Sources */,
				FA3D63BB1C5A4FF600743CB7 /* PlaceholderCell.swift in Sources */,
				FACF0EF71CDB83B20087C19C /* CKHandler.swift in Sources */,
			);
			runOnlyForDeploymentPostprocessing = 0;
		};
		FAAD6F461C50509D005F552C /* Sources */ = {
			isa = PBXSourcesBuildPhase;
			buildActionMask = 2147483647;
			files = (
				FACF0EF41CDB82550087C19C /* DataModel.xcdatamodeld in Sources */,
				FAAD6F501C50509D005F552C /* TodayViewController.swift in Sources */,
			);
			runOnlyForDeploymentPostprocessing = 0;
		};
/* End PBXSourcesBuildPhase section */

/* Begin PBXVariantGroup section */
		FA15C2971C40864500333D3E /* LaunchScreen.storyboard */ = {
			isa = PBXVariantGroup;
			children = (
				FA15C2981C40864500333D3E /* Base */,
			);
			name = LaunchScreen.storyboard;
			sourceTree = "<group>";
		};
		FAAD6F511C50509D005F552C /* MainInterface.storyboard */ = {
			isa = PBXVariantGroup;
			children = (
				FAAD6F521C50509D005F552C /* Base */,
			);
			name = MainInterface.storyboard;
			sourceTree = "<group>";
		};
/* End PBXVariantGroup section */

/* Begin XCBuildConfiguration section */
		FA15C29B1C40864500333D3E /* Debug */ = {
			isa = XCBuildConfiguration;
			buildSettings = {
				ALWAYS_SEARCH_USER_PATHS = NO;
				CLANG_CXX_LANGUAGE_STANDARD = "gnu++0x";
				CLANG_CXX_LIBRARY = "libc++";
				CLANG_ENABLE_MODULES = YES;
				CLANG_ENABLE_OBJC_ARC = YES;
				CLANG_WARN_BOOL_CONVERSION = YES;
				CLANG_WARN_CONSTANT_CONVERSION = YES;
				CLANG_WARN_DIRECT_OBJC_ISA_USAGE = YES_ERROR;
				CLANG_WARN_EMPTY_BODY = YES;
				CLANG_WARN_ENUM_CONVERSION = YES;
				CLANG_WARN_INT_CONVERSION = YES;
				CLANG_WARN_OBJC_ROOT_CLASS = YES_ERROR;
				CLANG_WARN_UNREACHABLE_CODE = YES;
				CLANG_WARN__DUPLICATE_METHOD_MATCH = YES;
				"CODE_SIGN_IDENTITY[sdk=iphoneos*]" = "iPhone Developer";
				COPY_PHASE_STRIP = NO;
				DEBUG_INFORMATION_FORMAT = dwarf;
				ENABLE_STRICT_OBJC_MSGSEND = YES;
				ENABLE_TESTABILITY = YES;
				GCC_C_LANGUAGE_STANDARD = gnu99;
				GCC_DYNAMIC_NO_PIC = NO;
				GCC_NO_COMMON_BLOCKS = YES;
				GCC_OPTIMIZATION_LEVEL = 0;
				GCC_PREPROCESSOR_DEFINITIONS = (
					"DEBUG=1",
					"$(inherited)",
				);
				GCC_WARN_64_TO_32_BIT_CONVERSION = YES;
				GCC_WARN_ABOUT_RETURN_TYPE = YES_ERROR;
				GCC_WARN_UNDECLARED_SELECTOR = YES;
				GCC_WARN_UNINITIALIZED_AUTOS = YES_AGGRESSIVE;
				GCC_WARN_UNUSED_FUNCTION = YES;
				GCC_WARN_UNUSED_VARIABLE = YES;
				IPHONEOS_DEPLOYMENT_TARGET = 9.2;
				MTL_ENABLE_DEBUG_INFO = YES;
				ONLY_ACTIVE_ARCH = YES;
				SDKROOT = iphoneos;
				SWIFT_OPTIMIZATION_LEVEL = "-Onone";
				TARGETED_DEVICE_FAMILY = "1,2";
			};
			name = Debug;
		};
		FA15C29C1C40864500333D3E /* Release */ = {
			isa = XCBuildConfiguration;
			buildSettings = {
				ALWAYS_SEARCH_USER_PATHS = NO;
				CLANG_CXX_LANGUAGE_STANDARD = "gnu++0x";
				CLANG_CXX_LIBRARY = "libc++";
				CLANG_ENABLE_MODULES = YES;
				CLANG_ENABLE_OBJC_ARC = YES;
				CLANG_WARN_BOOL_CONVERSION = YES;
				CLANG_WARN_CONSTANT_CONVERSION = YES;
				CLANG_WARN_DIRECT_OBJC_ISA_USAGE = YES_ERROR;
				CLANG_WARN_EMPTY_BODY = YES;
				CLANG_WARN_ENUM_CONVERSION = YES;
				CLANG_WARN_INT_CONVERSION = YES;
				CLANG_WARN_OBJC_ROOT_CLASS = YES_ERROR;
				CLANG_WARN_UNREACHABLE_CODE = YES;
				CLANG_WARN__DUPLICATE_METHOD_MATCH = YES;
				"CODE_SIGN_IDENTITY[sdk=iphoneos*]" = "iPhone Developer";
				COPY_PHASE_STRIP = NO;
				DEBUG_INFORMATION_FORMAT = "dwarf-with-dsym";
				ENABLE_NS_ASSERTIONS = NO;
				ENABLE_STRICT_OBJC_MSGSEND = YES;
				GCC_C_LANGUAGE_STANDARD = gnu99;
				GCC_NO_COMMON_BLOCKS = YES;
				GCC_WARN_64_TO_32_BIT_CONVERSION = YES;
				GCC_WARN_ABOUT_RETURN_TYPE = YES_ERROR;
				GCC_WARN_UNDECLARED_SELECTOR = YES;
				GCC_WARN_UNINITIALIZED_AUTOS = YES_AGGRESSIVE;
				GCC_WARN_UNUSED_FUNCTION = YES;
				GCC_WARN_UNUSED_VARIABLE = YES;
				IPHONEOS_DEPLOYMENT_TARGET = 9.2;
				MTL_ENABLE_DEBUG_INFO = NO;
				SDKROOT = iphoneos;
				TARGETED_DEVICE_FAMILY = "1,2";
				VALIDATE_PRODUCT = YES;
			};
			name = Release;
		};
		FA15C29E1C40864500333D3E /* Debug */ = {
			isa = XCBuildConfiguration;
			baseConfigurationReference = 6A696D1934EDDFCD7A36242E /* Pods-!procrastinate.debug.xcconfig */;
			buildSettings = {
				ASSETCATALOG_COMPILER_APPICON_NAME = AppIcon;
				CODE_SIGN_ENTITLEMENTS = "!procrastinate/!procrastinate.entitlements";
				CODE_SIGN_IDENTITY = "iPhone Distribution: Marko Zel (96HG6E2WJ6)";
				"CODE_SIGN_IDENTITY[sdk=iphoneos*]" = "iPhone Developer";
				EMBEDDED_CONTENT_CONTAINS_SWIFT = YES;
				INFOPLIST_FILE = "!procrastinate/Info.plist";
				LD_RUNPATH_SEARCH_PATHS = "$(inherited) @executable_path/Frameworks";
				PRODUCT_BUNDLE_IDENTIFIER = "com.zzzel.-procrastinate";
				PRODUCT_NAME = "$(TARGET_NAME)";
				PROVISIONING_PROFILE = "";
				TARGETED_DEVICE_FAMILY = 1;
			};
			name = Debug;
		};
		FA15C29F1C40864500333D3E /* Release */ = {
			isa = XCBuildConfiguration;
			baseConfigurationReference = 23884D4DC5342E3D6D68A643 /* Pods-!procrastinate.release.xcconfig */;
			buildSettings = {
				ASSETCATALOG_COMPILER_APPICON_NAME = AppIcon;
				CODE_SIGN_ENTITLEMENTS = "!procrastinate/!procrastinate.entitlements";
				CODE_SIGN_IDENTITY = "iPhone Distribution: Marko Zel (96HG6E2WJ6)";
				"CODE_SIGN_IDENTITY[sdk=iphoneos*]" = "iPhone Developer";
				EMBEDDED_CONTENT_CONTAINS_SWIFT = YES;
				INFOPLIST_FILE = "!procrastinate/Info.plist";
				LD_RUNPATH_SEARCH_PATHS = "$(inherited) @executable_path/Frameworks";
				PRODUCT_BUNDLE_IDENTIFIER = "com.zzzel.-procrastinate";
				PRODUCT_NAME = "$(TARGET_NAME)";
				PROVISIONING_PROFILE = "";
				TARGETED_DEVICE_FAMILY = 1;
			};
			name = Release;
		};
		FAAD6F581C50509D005F552C /* Debug */ = {
			isa = XCBuildConfiguration;
			buildSettings = {
				CODE_SIGN_ENTITLEMENTS = "!procrastinate Today Extension/!procrastinate Today Extension.entitlements";
				CODE_SIGN_IDENTITY = "iPhone Developer";
				"CODE_SIGN_IDENTITY[sdk=iphoneos*]" = "iPhone Developer";
				INFOPLIST_FILE = "!procrastinate Today Extension/Info.plist";
				LD_RUNPATH_SEARCH_PATHS = "$(inherited) @executable_path/Frameworks @executable_path/../../Frameworks";
				PRODUCT_BUNDLE_IDENTIFIER = "com.zzzel.-procrastinate.today-extension";
				PRODUCT_NAME = "$(TARGET_NAME)";
				SKIP_INSTALL = YES;
			};
			name = Debug;
		};
		FAAD6F591C50509D005F552C /* Release */ = {
			isa = XCBuildConfiguration;
			buildSettings = {
				CODE_SIGN_ENTITLEMENTS = "!procrastinate Today Extension/!procrastinate Today Extension.entitlements";
				CODE_SIGN_IDENTITY = "iPhone Developer";
				"CODE_SIGN_IDENTITY[sdk=iphoneos*]" = "iPhone Developer";
				INFOPLIST_FILE = "!procrastinate Today Extension/Info.plist";
				LD_RUNPATH_SEARCH_PATHS = "$(inherited) @executable_path/Frameworks @executable_path/../../Frameworks";
				PRODUCT_BUNDLE_IDENTIFIER = "com.zzzel.-procrastinate.today-extension";
				PRODUCT_NAME = "$(TARGET_NAME)";
				SKIP_INSTALL = YES;
			};
			name = Release;
		};
/* End XCBuildConfiguration section */

/* Begin XCConfigurationList section */
		FA15C2861C40864500333D3E /* Build configuration list for PBXProject "!procrastinate" */ = {
			isa = XCConfigurationList;
			buildConfigurations = (
				FA15C29B1C40864500333D3E /* Debug */,
				FA15C29C1C40864500333D3E /* Release */,
			);
			defaultConfigurationIsVisible = 0;
			defaultConfigurationName = Release;
		};
		FA15C29D1C40864500333D3E /* Build configuration list for PBXNativeTarget "!procrastinate" */ = {
			isa = XCConfigurationList;
			buildConfigurations = (
				FA15C29E1C40864500333D3E /* Debug */,
				FA15C29F1C40864500333D3E /* Release */,
			);
			defaultConfigurationIsVisible = 0;
			defaultConfigurationName = Release;
		};
		FAAD6F5A1C50509D005F552C /* Build configuration list for PBXNativeTarget "!procrastinate Today Extension" */ = {
			isa = XCConfigurationList;
			buildConfigurations = (
				FAAD6F581C50509D005F552C /* Debug */,
				FAAD6F591C50509D005F552C /* Release */,
			);
			defaultConfigurationIsVisible = 0;
			defaultConfigurationName = Release;
		};
/* End XCConfigurationList section */

/* Begin XCVersionGroup section */
		FACF0EF11CDB82550087C19C /* DataModel.xcdatamodeld */ = {
			isa = XCVersionGroup;
			children = (
				FACF0EFA1CDB848B0087C19C /* DataModel 3.xcdatamodel */,
				FACF0EF51CDB828A0087C19C /* DataModel 2.xcdatamodel */,
				FACF0EF21CDB82550087C19C /* DataModel.xcdatamodel */,
			);
			currentVersion = FACF0EFA1CDB848B0087C19C /* DataModel 3.xcdatamodel */;
			path = DataModel.xcdatamodeld;
			sourceTree = "<group>";
			versionGroupType = wrapper.xcdatamodel;
		};
/* End XCVersionGroup section */
	};
	rootObject = FA15C2831C40864500333D3E /* Project object */;
}
